// !$*UTF8*$!
{
	archiveVersion = 1;
	classes = {
	};
	objectVersion = 77;
	objects = {

/* Begin PBXBuildFile section */
		638AD6AC5148FFCCE7C85848 /* VikunjaNetworking in Frameworks */ = {isa = PBXBuildFile; productRef = E2386D937B2547F27D7735C9 /* VikunjaNetworking */; };
		A2C44E7EAB8501F032F94F77 /* VikunjaCore in Frameworks */ = {isa = PBXBuildFile; productRef = C7C86918EA5BF47E31F95689 /* VikunjaCore */; };
		AF1A9958F7144C64A26AE7DE /* VikunjaAuth in Frameworks */ = {isa = PBXBuildFile; productRef = 1EDAB22A2783416BA9F0AC6D /* VikunjaAuth */; };
		EB2D2DA5CFF441EFB4450EF5 /* Onboarding in Frameworks */ = {isa = PBXBuildFile; productRef = 691135973B8B496295E14896 /* Onboarding */; };
/* End PBXBuildFile section */

/* Begin PBXFileReference section */
		EC3BB466303D1EF6002753FC /* vikunja.app */ = {isa = PBXFileReference; explicitFileType = wrapper.application; includeInIndex = 0; path = vikunja.app; sourceTree = BUILT_PRODUCTS_DIR; };
/* End PBXFileReference section */

/* Begin PBXFileSystemSynchronizedRootGroup section */
		EC3BB468303D1EF6002753FC /* vikunja */ = {
			isa = PBXFileSystemSynchronizedRootGroup;
			path = vikunja;
			sourceTree = "<group>";
		};
/* End PBXFileSystemSynchronizedRootGroup section */

/* Begin PBXFrameworksBuildPhase section */
		EC3BB463303D1EF6002753FC /* Frameworks */ = {
			isa = PBXFrameworksBuildPhase;
			buildActionMask = 2147483647;
			files = (
				A2C44E7EAB8501F032F94F77 /* VikunjaCore in Frameworks */,
				638AD6AC5148FFCCE7C85848 /* VikunjaNetworking in Frameworks */,
				AF1A9958F7144C64A26AE7DE /* VikunjaAuth in Frameworks */,
				EB2D2DA5CFF441EFB4450EF5 /* Onboarding in Frameworks */,
			);
			runOnlyForDeploymentPostprocessing = 0;
		};
/* End PBXFrameworksBuildPhase section */

/* Begin PBXGroup section */
		EC3BB45D303D1EF6002753FC = {
			isa = PBXGroup;
			children = (
				EC3BB468303D1EF6002753FC /* vikunja */,
				EC3BB467303D1EF6002753FC /* Products */,
			);
			sourceTree = "<group>";
		};
		EC3BB467303D1EF6002753FC /* Products */ = {
			isa = PBXGroup;
			children = (
				EC3BB466303D1EF6002753FC /* vikunja.app */,
			);
			name = Products;
			sourceTree = "<group>";
		};
/* End PBXGroup section */

/* Begin PBXNativeTarget section */
		EC3BB465303D1EF6002753FC /* vikunja */ = {
			isa = PBXNativeTarget;
			buildConfigurationList = EC3BB471303D1EF7002753FC /* Build configuration list for PBXNativeTarget "vikunja" */;
			buildPhases = (
				EC3BB462303D1EF6002753FC /* Sources */,
				EC3BB463303D1EF6002753FC /* Frameworks */,
				EC3BB464303D1EF6002753FC /* Resources */,
			);
			buildRules = (
			);
			dependencies = (
			);
			fileSystemSynchronizedGroups = (
				EC3BB468303D1EF6002753FC /* vikunja */,
			);
			name = vikunja;
			packageProductDependencies = (
				C7C86918EA5BF47E31F95689 /* VikunjaCore */,
				E2386D937B2547F27D7735C9 /* VikunjaNetworking */,
				1EDAB22A2783416BA9F0AC6D /* VikunjaAuth */,
				691135973B8B496295E14896 /* Onboarding */,
			);
			productName = vikunja;
			productReference = EC3BB466303D1EF6002753FC /* vikunja.app */;
			productType = "com.apple.product-type.application";
		};
/* End PBXNativeTarget section */

/* Begin PBXProject section */
		EC3BB45E303D1EF6002753FC /* Project object */ = {
			isa = PBXProject;
			attributes = {
				BuildIndependentTargetsInParallel = 1;
				LastSwiftUpdateCheck = 2620;
				LastUpgradeCheck = 2620;
				TargetAttributes = {
					EC3BB465303D1EF6002753FC = {
						CreatedOnToolsVersion = 26.2;
					};
				};
			};
			buildConfigurationList = EC3BB461303D1EF6002753FC /* Build configuration list for PBXProject "vikunja" */;
			developmentRegion = en;
			hasScannedForEncodings = 0;
			knownRegions = (
				en,
				Base,
			);
			mainGroup = EC3BB45D303D1EF6002753FC;
			minimizedProjectReferenceProxies = 1;
			packageReferences = (
				3F7D0D7A2D8E0EC22EE402E6 /* XCLocalSwiftPackageReference "Packages/VikunjaCore" */,
				3A9FB82DE1CB8FCF7F92D8D5 /* XCLocalSwiftPackageReference "Packages/VikunjaNetworking" */,
				06F83FC1F5114AB2B901D1D6 /* XCLocalSwiftPackageReference "Packages/VikunjaAuth" */,
				F4ED8517F32D4805BA91B284 /* XCLocalSwiftPackageReference "Packages/Features/Onboarding" */,
			);
			preferredProjectObjectVersion = 77;
			productRefGroup = EC3BB467303D1EF6002753FC /* Products */;
			projectDirPath = "";
			projectRoot = "";
			targets = (
				EC3BB465303D1EF6002753FC /* vikunja */,
			);
		};
/* End PBXProject section */

/* Begin PBXResourcesBuildPhase section */
		EC3BB464303D1EF6002753FC /* Resources */ = {
			isa = PBXResourcesBuildPhase;
			buildActionMask = 2147483647;
			files = (
			);
			runOnlyForDeploymentPostprocessing = 0;
		};
/* End PBXResourcesBuildPhase section */

/* Begin PBXSourcesBuildPhase section */
		EC3BB462303D1EF6002753FC /* Sources */ = {
			isa = PBXSourcesBuildPhase;
			buildActionMask = 2147483647;
			files = (
			);
			runOnlyForDeploymentPostprocessing = 0;
		};
/* End PBXSourcesBuildPhase section */

/* Begin XCBuildConfiguration section */
		EC3BB46F303D1EF7002753FC /* Debug */ = {
			isa = XCBuildConfiguration;
			buildSettings = {
				ALWAYS_SEARCH_USER_PATHS = NO;
				ASSETCATALOG_COMPILER_GENERATE_SWIFT_ASSET_SYMBOL_EXTENSIONS = YES;
				CLANG_ANALYZER_NONNULL = YES;
				CLANG_ANALYZER_NUMBER_OBJECT_CONVERSION = YES_AGGRESSIVE;
				CLANG_CXX_LANGUAGE_STANDARD = "gnu++20";
				CLANG_ENABLE_MODULES = YES;
				CLANG_ENABLE_OBJC_ARC = YES;
				CLANG_ENABLE_OBJC_WEAK = YES;
				CLANG_WARN_BLOCK_CAPTURE_AUTORELEASING = YES;
				CLANG_WARN_BOOL_CONVERSION = YES;
				CLANG_WARN_COMMA = YES;
				CLANG_WARN_CONSTANT_CONVERSION = YES;
				CLANG_WARN_DEPRECATED_OBJC_IMPLEMENTATIONS = YES;
				CLANG_WARN_DIRECT_OBJC_ISA_USAGE = YES_ERROR;
				CLANG_WARN_DOCUMENTATION_COMMENTS = YES;
				CLANG_WARN_EMPTY_BODY = YES;
				CLANG_WARN_ENUM_CONVERSION = YES;
				CLANG_WARN_INFINITE_RECURSION = YES;
				CLANG_WARN_INT_CONVERSION = YES;
				CLANG_WARN_NON_LITERAL_NULL_CONVERSION = YES;
				CLANG_WARN_OBJC_IMPLICIT_RETAIN_SELF = YES;
				CLANG_WARN_OBJC_LITERAL_CONVERSION = YES;
				CLANG_WARN_OBJC_ROOT_CLASS = YES_ERROR;
				CLANG_WARN_QUOTED_INCLUDE_IN_FRAMEWORK_HEADER = YES;
				CLANG_WARN_RANGE_LOOP_ANALYSIS = YES;
				CLANG_WARN_STRICT_PROTOTYPES = YES;
				CLANG_WARN_SUSPICIOUS_MOVE = YES;
				CLANG_WARN_UNGUARDED_AVAILABILITY = YES_AGGRESSIVE;
				CLANG_WARN_UNREACHABLE_CODE = YES;
				CLANG_WARN__DUPLICATE_METHOD_MATCH = YES;
				COPY_PHASE_STRIP = NO;
				DEBUG_INFORMATION_FORMAT = dwarf;
				DEVELOPMENT_TEAM = 5CM24MBKSG;
				ENABLE_STRICT_OBJC_MSGSEND = YES;
				ENABLE_TESTABILITY = YES;
				ENABLE_USER_SCRIPT_SANDBOXING = YES;
				GCC_C_LANGUAGE_STANDARD = gnu17;
				GCC_DYNAMIC_NO_PIC = NO;
				GCC_NO_COMMON_BLOCKS = YES;
				GCC_OPTIMIZATION_LEVEL = 0;
				GCC_PREPROCESSOR_DEFINITIONS = (
					"DEBUG=1",
					"$(inherited)",
				);
				GCC_WARN_64_TO_32_BIT_CONVERSION = YES;
				GCC_WARN_ABOUT_RETURN_TYPE = YES_ERROR;
				GCC_WARN_UNDECLARED_SELECTOR = YES;
				GCC_WARN_UNINITIALIZED_AUTOS = YES_AGGRESSIVE;
				GCC_WARN_UNUSED_FUNCTION = YES;
				GCC_WARN_UNUSED_VARIABLE = YES;
				IPHONEOS_DEPLOYMENT_TARGET = 26.2;
				LOCALIZATION_PREFERS_STRING_CATALOGS = YES;
				MTL_ENABLE_DEBUG_INFO = INCLUDE_SOURCE;
				MTL_FAST_MATH = YES;
				ONLY_ACTIVE_ARCH = YES;
				SDKROOT = iphoneos;
				SWIFT_ACTIVE_COMPILATION_CONDITIONS = "DEBUG $(inherited)";
				SWIFT_OPTIMIZATION_LEVEL = "-Onone";
			};
			name = Debug;
		};
		EC3BB470303D1EF7002753FC /* Release */ = {
			isa = XCBuildConfiguration;
			buildSettings = {
				ALWAYS_SEARCH_USER_PATHS = NO;
				ASSETCATALOG_COMPILER_GENERATE_SWIFT_ASSET_SYMBOL_EXTENSIONS = YES;
				CLANG_ANALYZER_NONNULL = YES;
				CLANG_ANALYZER_NUMBER_OBJECT_CONVERSION = YES_AGGRESSIVE;
				CLANG_CXX_LANGUAGE_STANDARD = "gnu++20";
				CLANG_ENABLE_MODULES = YES;
				CLANG_ENABLE_OBJC_ARC = YES;
				CLANG_ENABLE_OBJC_WEAK = YES;
				CLANG_WARN_BLOCK_CAPTURE_AUTORELEASING = YES;
				CLANG_WARN_BOOL_CONVERSION = YES;
				CLANG_WARN_COMMA = YES;
				CLANG_WARN_CONSTANT_CONVERSION = YES;
				CLANG_WARN_DEPRECATED_OBJC_IMPLEMENTATIONS = YES;
				CLANG_WARN_DIRECT_OBJC_ISA_USAGE = YES_ERROR;
				CLANG_WARN_DOCUMENTATION_COMMENTS = YES;
				CLANG_WARN_EMPTY_BODY = YES;
				CLANG_WARN_ENUM_CONVERSION = YES;
				CLANG_WARN_INFINITE_RECURSION = YES;
				CLANG_WARN_INT_CONVERSION = YES;
				CLANG_WARN_NON_LITERAL_NULL_CONVERSION = YES;
				CLANG_WARN_OBJC_IMPLICIT_RETAIN_SELF = YES;
				CLANG_WARN_OBJC_LITERAL_CONVERSION = YES;
				CLANG_WARN_OBJC_ROOT_CLASS = YES_ERROR;
				CLANG_WARN_QUOTED_INCLUDE_IN_FRAMEWORK_HEADER = YES;
				CLANG_WARN_RANGE_LOOP_ANALYSIS = YES;
				CLANG_WARN_STRICT_PROTOTYPES = YES;
				CLANG_WARN_SUSPICIOUS_MOVE = YES;
				CLANG_WARN_UNGUARDED_AVAILABILITY = YES_AGGRESSIVE;
				CLANG_WARN_UNREACHABLE_CODE = YES;
				CLANG_WARN__DUPLICATE_METHOD_MATCH = YES;
				COPY_PHASE_STRIP = NO;
				DEBUG_INFORMATION_FORMAT = "dwarf-with-dsym";
				DEVELOPMENT_TEAM = 5CM24MBKSG;
				ENABLE_NS_ASSERTIONS = NO;
				ENABLE_STRICT_OBJC_MSGSEND = YES;
				ENABLE_USER_SCRIPT_SANDBOXING = YES;
				GCC_C_LANGUAGE_STANDARD = gnu17;
				GCC_NO_COMMON_BLOCKS = YES;
				GCC_WARN_64_TO_32_BIT_CONVERSION = YES;
				GCC_WARN_ABOUT_RETURN_TYPE = YES_ERROR;
				GCC_WARN_UNDECLARED_SELECTOR = YES;
				GCC_WARN_UNINITIALIZED_AUTOS = YES_AGGRESSIVE;
				GCC_WARN_UNUSED_FUNCTION = YES;
				GCC_WARN_UNUSED_VARIABLE = YES;
				IPHONEOS_DEPLOYMENT_TARGET = 26.2;
				LOCALIZATION_PREFERS_STRING_CATALOGS = YES;
				MTL_ENABLE_DEBUG_INFO = NO;
				MTL_FAST_MATH = YES;
				SDKROOT = iphoneos;
				SWIFT_COMPILATION_MODE = wholemodule;
				VALIDATE_PRODUCT = YES;
			};
			name = Release;
		};
		EC3BB472303D1EF7002753FC /* Debug */ = {
			isa = XCBuildConfiguration;
			buildSettings = {
				ASSETCATALOG_COMPILER_APPICON_NAME = AppIcon;
				ASSETCATALOG_COMPILER_GLOBAL_ACCENT_COLOR_NAME = AccentColor;
				CODE_SIGN_STYLE = Automatic;
				CURRENT_PROJECT_VERSION = 1;
				DEVELOPMENT_TEAM = 5CM24MBKSG;
				ENABLE_PREVIEWS = YES;
				GENERATE_INFOPLIST_FILE = YES;
				INFOPLIST_KEY_UIApplicationSceneManifest_Generation = YES;
				INFOPLIST_KEY_UIApplicationSupportsIndirectInputEvents = YES;
				INFOPLIST_KEY_UILaunchScreen_Generation = YES;
				INFOPLIST_KEY_UISupportedInterfaceOrientations_iPad = "UIInterfaceOrientationPortrait UIInterfaceOrientationPortraitUpsideDown UIInterfaceOrientationLandscapeLeft UIInterfaceOrientationLandscapeRight";
				INFOPLIST_KEY_UISupportedInterfaceOrientations_iPhone = "UIInterfaceOrientationPortrait UIInterfaceOrientationLandscapeLeft UIInterfaceOrientationLandscapeRight";
				LD_RUNPATH_SEARCH_PATHS = (
					"$(inherited)",
					"@executable_path/Frameworks",
				);
				MARKETING_VERSION = 1.0;
				PRODUCT_BUNDLE_IDENTIFIER = dev.sergiosuarez.vikunja;
				PRODUCT_NAME = "$(TARGET_NAME)";
				STRING_CATALOG_GENERATE_SYMBOLS = YES;
				SWIFT_APPROACHABLE_CONCURRENCY = YES;
				SWIFT_DEFAULT_ACTOR_ISOLATION = MainActor;
				SWIFT_EMIT_LOC_STRINGS = YES;
				SWIFT_UPCOMING_FEATURE_MEMBER_IMPORT_VISIBILITY = YES;
				SWIFT_VERSION = 5.0;
				TARGETED_DEVICE_FAMILY = "1,2";
			};
			name = Debug;
		};
		EC3BB473303D1EF7002753FC /* Release */ = {
			isa = XCBuildConfiguration;
			buildSettings = {
				ASSETCATALOG_COMPILER_APPICON_NAME = AppIcon;
				ASSETCATALOG_COMPILER_GLOBAL_ACCENT_COLOR_NAME = AccentColor;
				CODE_SIGN_STYLE = Automatic;
				CURRENT_PROJECT_VERSION = 1;
				DEVELOPMENT_TEAM = 5CM24MBKSG;
				ENABLE_PREVIEWS = YES;
				GENERATE_INFOPLIST_FILE = YES;
				INFOPLIST_KEY_UIApplicationSceneManifest_Generation = YES;
				INFOPLIST_KEY_UIApplicationSupportsIndirectInputEvents = YES;
				INFOPLIST_KEY_UILaunchScreen_Generation = YES;
				INFOPLIST_KEY_UISupportedInterfaceOrientations_iPad = "UIInterfaceOrientationPortrait UIInterfaceOrientationPortraitUpsideDown UIInterfaceOrientationLandscapeLeft UIInterfaceOrientationLandscapeRight";
				INFOPLIST_KEY_UISupportedInterfaceOrientations_iPhone = "UIInterfaceOrientationPortrait UIInterfaceOrientationLandscapeLeft UIInterfaceOrientationLandscapeRight";
				LD_RUNPATH_SEARCH_PATHS = (
					"$(inherited)",
					"@executable_path/Frameworks",
				);
				MARKETING_VERSION = 1.0;
				PRODUCT_BUNDLE_IDENTIFIER = dev.sergiosuarez.vikunja;
				PRODUCT_NAME = "$(TARGET_NAME)";
				STRING_CATALOG_GENERATE_SYMBOLS = YES;
				SWIFT_APPROACHABLE_CONCURRENCY = YES;
				SWIFT_DEFAULT_ACTOR_ISOLATION = MainActor;
				SWIFT_EMIT_LOC_STRINGS = YES;
				SWIFT_UPCOMING_FEATURE_MEMBER_IMPORT_VISIBILITY = YES;
				SWIFT_VERSION = 5.0;
				TARGETED_DEVICE_FAMILY = "1,2";
			};
			name = Release;
		};
/* End XCBuildConfiguration section */

/* Begin XCConfigurationList section */
		EC3BB461303D1EF6002753FC /* Build configuration list for PBXProject "vikunja" */ = {
			isa = XCConfigurationList;
			buildConfigurations = (
				EC3BB46F303D1EF7002753FC /* Debug */,
				EC3BB470303D1EF7002753FC /* Release */,
			);
			defaultConfigurationIsVisible = 0;
			defaultConfigurationName = Release;
		};
		EC3BB471303D1EF7002753FC /* Build configuration list for PBXNativeTarget "vikunja" */ = {
			isa = XCConfigurationList;
			buildConfigurations = (
				EC3BB472303D1EF7002753FC /* Debug */,
				EC3BB473303D1EF7002753FC /* Release */,
			);
			defaultConfigurationIsVisible = 0;
			defaultConfigurationName = Release;
		};
/* End XCConfigurationList section */

/* Begin XCLocalSwiftPackageReference section */
		06F83FC1F5114AB2B901D1D6 /* XCLocalSwiftPackageReference "Packages/VikunjaAuth" */ = {
			isa = XCLocalSwiftPackageReference;
			relativePath = Packages/VikunjaAuth;
		};
		3A9FB82DE1CB8FCF7F92D8D5 /* XCLocalSwiftPackageReference "Packages/VikunjaNetworking" */ = {
			isa = XCLocalSwiftPackageReference;
			relativePath = Packages/VikunjaNetworking;
		};
		3F7D0D7A2D8E0EC22EE402E6 /* XCLocalSwiftPackageReference "Packages/VikunjaCore" */ = {
			isa = XCLocalSwiftPackageReference;
			relativePath = Packages/VikunjaCore;
		};
		F4ED8517F32D4805BA91B284 /* XCLocalSwiftPackageReference "Packages/Features/Onboarding" */ = {
			isa = XCLocalSwiftPackageReference;
			relativePath = Packages/Features/Onboarding;
		};
/* End XCLocalSwiftPackageReference section */

/* Begin XCSwiftPackageProductDependency section */
		1EDAB22A2783416BA9F0AC6D /* VikunjaAuth */ = {
			isa = XCSwiftPackageProductDependency;
			package = 06F83FC1F5114AB2B901D1D6 /* XCLocalSwiftPackageReference "Packages/VikunjaAuth" */;
			productName = VikunjaAuth;
		};
		691135973B8B496295E14896 /* Onboarding */ = {
			isa = XCSwiftPackageProductDependency;
			package = F4ED8517F32D4805BA91B284 /* XCLocalSwiftPackageReference "Packages/Features/Onboarding" */;
			productName = Onboarding;
		};
		C7C86918EA5BF47E31F95689 /* VikunjaCore */ = {
			isa = XCSwiftPackageProductDependency;
			package = 3F7D0D7A2D8E0EC22EE402E6 /* XCLocalSwiftPackageReference "Packages/VikunjaCore" */;
			productName = VikunjaCore;
		};
		E2386D937B2547F27D7735C9 /* VikunjaNetworking */ = {
			isa = XCSwiftPackageProductDependency;
			package = 3A9FB82DE1CB8FCF7F92D8D5 /* XCLocalSwiftPackageReference "Packages/VikunjaNetworking" */;
			productName = VikunjaNetworking;
		};
/* End XCSwiftPackageProductDependency section */
	};
	rootObject = EC3BB45E303D1EF6002753FC /* Project object */;
}
