// !$*UTF8*$!
{
	archiveVersion = 1;
	classes = {
	};
	objectVersion = 77;
	objects = {

/* Begin PBXBuildFile section */
		0344D01DB80D7B74123FBB44 /* Projects in Frameworks */ = {isa = PBXBuildFile; productRef = 937703EA6DF786A17BC41E96 /* Projects */; };
		062B1577A762434EAAEEAEAE /* Home in Frameworks */ = {isa = PBXBuildFile; productRef = 166A7A7237924DFA8CF44351 /* Home */; };
		3C9B0F98E67BE7DBE14B395C /* Search in Frameworks */ = {isa = PBXBuildFile; productRef = DF94C158DB50FABAA1B462AE /* Search */; };
		638AD6AC5148FFCCE7C85848 /* VikunjaNetworking in Frameworks */ = {isa = PBXBuildFile; productRef = E2386D937B2547F27D7735C9 /* VikunjaNetworking */; };
		6ACFD68581C4ED4510656534 /* Tasks in Frameworks */ = {isa = PBXBuildFile; productRef = CB1292EB9627A6D204BBA18B /* Tasks */; };
		86F840DFA96537DF891EAEB6 /* VikuNavigation in Frameworks */ = {isa = PBXBuildFile; productRef = DE514324E51E7BE04FBC43F0 /* VikuNavigation */; };
		A2C44E7EAB8501F032F94F77 /* VikunjaCore in Frameworks */ = {isa = PBXBuildFile; productRef = C7C86918EA5BF47E31F95689 /* VikunjaCore */; };
		AF1A9958F7144C64A26AE7DE /* VikuAuth in Frameworks */ = {isa = PBXBuildFile; productRef = 1EDAB22A2783416BA9F0AC6D /* VikuAuth */; };
		B89F0AB3411531775B788526 /* Viku-widgets.appex in Embed Foundation Extensions */ = {isa = PBXBuildFile; fileRef = 092ABB4ABC46663D77A4333A /* Viku-widgets.appex */; settings = {ATTRIBUTES = (RemoveHeadersOnCopy, ); }; };
		C0A0235CF7A4953CBF6775E2 /* VikuDesignSystem in Frameworks */ = {isa = PBXBuildFile; productRef = 887DB5E3A518911BD1897E4B /* VikuDesignSystem */; };
		CFBB516F15E3030F653FBDC1 /* VikuWidgetKit in Frameworks */ = {isa = PBXBuildFile; productRef = E436BCA8C1BEFFBB4869643D /* VikuWidgetKit */; };
		EB2D2DA5CFF441EFB4450EF5 /* Onboarding in Frameworks */ = {isa = PBXBuildFile; productRef = 691135973B8B496295E14896 /* Onboarding */; };
		F8DCC6D8B7369D0CF81969F6 /* VikuWidgetKit in Frameworks */ = {isa = PBXBuildFile; productRef = 8A10F10FDD4DC2CAF301F579 /* VikuWidgetKit */; };
		FC49B15C464C63D2C6F9801F /* Foundation.framework in Frameworks */ = {isa = PBXBuildFile; fileRef = 3FEBFEFA7653B73106F763DB /* Foundation.framework */; };
		FCBF1C1C7651B3306CAA0FFC /* Settings in Frameworks */ = {isa = PBXBuildFile; productRef = A6110B94A9B469B91738DBE3 /* Settings */; };
/* End PBXBuildFile section */

/* Begin PBXContainerItemProxy section */
		ADD55E76D68AF850B4557276 /* PBXContainerItemProxy */ = {
			isa = PBXContainerItemProxy;
			containerPortal = EC3BB45E303D1EF6002753FC /* Project object */;
			proxyType = 1;
			remoteGlobalIDString = 9F1A298945A4417C5C239F1C;
			remoteInfo = "Viku-widgets";
		};
/* End PBXContainerItemProxy section */

/* Begin PBXCopyFilesBuildPhase section */
		04B60E0DD6072C11213A116F /* Embed Foundation Extensions */ = {
			isa = PBXCopyFilesBuildPhase;
			buildActionMask = 2147483647;
			dstPath = "";
			dstSubfolderSpec = 13;
			files = (
				B89F0AB3411531775B788526 /* Viku-widgets.appex in Embed Foundation Extensions */,
			);
			name = "Embed Foundation Extensions";
			runOnlyForDeploymentPostprocessing = 0;
		};
/* End PBXCopyFilesBuildPhase section */

/* Begin PBXFileReference section */
		092ABB4ABC46663D77A4333A /* Viku-widgets.appex */ = {isa = PBXFileReference; explicitFileType = "wrapper.app-extension"; includeInIndex = 0; path = "Viku-widgets.appex"; sourceTree = BUILT_PRODUCTS_DIR; };
		3FEBFEFA7653B73106F763DB /* Foundation.framework */ = {isa = PBXFileReference; lastKnownFileType = wrapper.framework; name = Foundation.framework; path = Platforms/iPhoneOS.platform/Developer/SDKs/iPhoneOS18.0.sdk/System/Library/Frameworks/Foundation.framework; sourceTree = DEVELOPER_DIR; };
		EC3BB466303D1EF6002753FC /* Viku.app */ = {isa = PBXFileReference; explicitFileType = wrapper.application; includeInIndex = 0; path = Viku.app; sourceTree = BUILT_PRODUCTS_DIR; };
/* End PBXFileReference section */

/* Begin PBXFileSystemSynchronizedRootGroup section */
		B92C853A6FE7E809CD2F2E95 /* Viku-widgets */ = {
			isa = PBXFileSystemSynchronizedRootGroup;
			path = "Viku-widgets";
			sourceTree = "<group>";
		};
		EC3BB468303D1EF6002753FC /* Viku */ = {
			isa = PBXFileSystemSynchronizedRootGroup;
			path = Viku;
			sourceTree = "<group>";
		};
/* End PBXFileSystemSynchronizedRootGroup section */

/* Begin PBXFrameworksBuildPhase section */
		A0D09ABC714AF4C3755DA0BF /* Frameworks */ = {
			isa = PBXFrameworksBuildPhase;
			buildActionMask = 2147483647;
			files = (
				FC49B15C464C63D2C6F9801F /* Foundation.framework in Frameworks */,
				CFBB516F15E3030F653FBDC1 /* VikuWidgetKit in Frameworks */,
			);
			runOnlyForDeploymentPostprocessing = 0;
		};
		EC3BB463303D1EF6002753FC /* Frameworks */ = {
			isa = PBXFrameworksBuildPhase;
			buildActionMask = 2147483647;
			files = (
				A2C44E7EAB8501F032F94F77 /* VikunjaCore in Frameworks */,
				638AD6AC5148FFCCE7C85848 /* VikunjaNetworking in Frameworks */,
				AF1A9958F7144C64A26AE7DE /* VikuAuth in Frameworks */,
				EB2D2DA5CFF441EFB4450EF5 /* Onboarding in Frameworks */,
				062B1577A762434EAAEEAEAE /* Home in Frameworks */,
				86F840DFA96537DF891EAEB6 /* VikuNavigation in Frameworks */,
				0344D01DB80D7B74123FBB44 /* Projects in Frameworks */,
				3C9B0F98E67BE7DBE14B395C /* Search in Frameworks */,
				FCBF1C1C7651B3306CAA0FFC /* Settings in Frameworks */,
				6ACFD68581C4ED4510656534 /* Tasks in Frameworks */,
				C0A0235CF7A4953CBF6775E2 /* VikuDesignSystem in Frameworks */,
				F8DCC6D8B7369D0CF81969F6 /* VikuWidgetKit in Frameworks */,
			);
			runOnlyForDeploymentPostprocessing = 0;
		};
/* End PBXFrameworksBuildPhase section */

/* Begin PBXGroup section */
		A03D783F2F3D3EDE08C934C1 /* Frameworks */ = {
			isa = PBXGroup;
			children = (
				E3CAED429EB35974DB037DE4 /* iOS */,
			);
			name = Frameworks;
			sourceTree = "<group>";
		};
		E3CAED429EB35974DB037DE4 /* iOS */ = {
			isa = PBXGroup;
			children = (
				3FEBFEFA7653B73106F763DB /* Foundation.framework */,
			);
			name = iOS;
			sourceTree = "<group>";
		};
		EC3BB45D303D1EF6002753FC = {
			isa = PBXGroup;
			children = (
				EC3BB468303D1EF6002753FC /* Viku */,
				EC3BB467303D1EF6002753FC /* Products */,
				A03D783F2F3D3EDE08C934C1 /* Frameworks */,
				B92C853A6FE7E809CD2F2E95 /* Viku-widgets */,
			);
			sourceTree = "<group>";
		};
		EC3BB467303D1EF6002753FC /* Products */ = {
			isa = PBXGroup;
			children = (
				EC3BB466303D1EF6002753FC /* Viku.app */,
				092ABB4ABC46663D77A4333A /* Viku-widgets.appex */,
			);
			name = Products;
			sourceTree = "<group>";
		};
/* End PBXGroup section */

/* Begin PBXNativeTarget section */
		9F1A298945A4417C5C239F1C /* Viku-widgets */ = {
			isa = PBXNativeTarget;
			buildConfigurationList = 95411CB902BFD3888D862C9F /* Build configuration list for PBXNativeTarget "Viku-widgets" */;
			buildPhases = (
				0A7EEA59A88DF82285A6F08C /* Sources */,
				A0D09ABC714AF4C3755DA0BF /* Frameworks */,
				C530C141EA161AEA0DE7EB9B /* Resources */,
			);
			buildRules = (
			);
			dependencies = (
			);
			fileSystemSynchronizedGroups = (
				B92C853A6FE7E809CD2F2E95 /* Viku-widgets */,
			);
			name = "Viku-widgets";
			packageProductDependencies = (
				E436BCA8C1BEFFBB4869643D /* VikuWidgetKit */,
			);
			productName = "Viku-widgets";
			productReference = 092ABB4ABC46663D77A4333A /* Viku-widgets.appex */;
			productType = "com.apple.product-type.app-extension";
		};
		EC3BB465303D1EF6002753FC /* Viku */ = {
			isa = PBXNativeTarget;
			buildConfigurationList = EC3BB471303D1EF7002753FC /* Build configuration list for PBXNativeTarget "Viku" */;
			buildPhases = (
				EC3BB462303D1EF6002753FC /* Sources */,
				EC3BB463303D1EF6002753FC /* Frameworks */,
				EC3BB464303D1EF6002753FC /* Resources */,
				04B60E0DD6072C11213A116F /* Embed Foundation Extensions */,
			);
			buildRules = (
			);
			dependencies = (
				B0828B72E3A08C6DCE1B59B3 /* PBXTargetDependency */,
			);
			fileSystemSynchronizedGroups = (
				EC3BB468303D1EF6002753FC /* Viku */,
			);
			name = Viku;
			packageProductDependencies = (
				C7C86918EA5BF47E31F95689 /* VikunjaCore */,
				E2386D937B2547F27D7735C9 /* VikunjaNetworking */,
				1EDAB22A2783416BA9F0AC6D /* VikuAuth */,
				691135973B8B496295E14896 /* Onboarding */,
				166A7A7237924DFA8CF44351 /* Home */,
				DE514324E51E7BE04FBC43F0 /* VikuNavigation */,
				937703EA6DF786A17BC41E96 /* Projects */,
				DF94C158DB50FABAA1B462AE /* Search */,
				A6110B94A9B469B91738DBE3 /* Settings */,
				CB1292EB9627A6D204BBA18B /* Tasks */,
				887DB5E3A518911BD1897E4B /* VikuDesignSystem */,
				8A10F10FDD4DC2CAF301F579 /* VikuWidgetKit */,
			);
			productName = Viku;
			productReference = EC3BB466303D1EF6002753FC /* Viku.app */;
			productType = "com.apple.product-type.application";
		};
/* End PBXNativeTarget section */

/* Begin PBXProject section */
		EC3BB45E303D1EF6002753FC /* Project object */ = {
			isa = PBXProject;
			attributes = {
				BuildIndependentTargetsInParallel = 1;
				LastSwiftUpdateCheck = 2620;
				LastUpgradeCheck = 2620;
				TargetAttributes = {
					EC3BB465303D1EF6002753FC = {
						CreatedOnToolsVersion = 26.2;
					};
				};
			};
			buildConfigurationList = EC3BB461303D1EF6002753FC /* Build configuration list for PBXProject "Viku" */;
			developmentRegion = en;
			hasScannedForEncodings = 0;
			knownRegions = (
				en,
				Base,
			);
			mainGroup = EC3BB45D303D1EF6002753FC;
			minimizedProjectReferenceProxies = 1;
			packageReferences = (
				3F7D0D7A2D8E0EC22EE402E6 /* XCLocalSwiftPackageReference "Packages/VikunjaCore" */,
				3A9FB82DE1CB8FCF7F92D8D5 /* XCLocalSwiftPackageReference "Packages/VikunjaNetworking" */,
				06F83FC1F5114AB2B901D1D6 /* XCLocalSwiftPackageReference "Packages/VikuAuth" */,
				F4ED8517F32D4805BA91B284 /* XCLocalSwiftPackageReference "Packages/Features/Onboarding" */,
				FE450F8737274DC4914D99E8 /* XCLocalSwiftPackageReference "Packages/Features/Home" */,
				D146E576D31867FAEE64F3E3 /* XCLocalSwiftPackageReference "Packages/VikuNavigation" */,
				FB9B84FD97A6B958D6347015 /* XCLocalSwiftPackageReference "Packages/Features/Projects" */,
				630BB56C29B87B52911E4F21 /* XCLocalSwiftPackageReference "Packages/Features/Search" */,
				CF9745CA233B841AB93A4A82 /* XCLocalSwiftPackageReference "Packages/Features/Settings" */,
				52D3B6C5FA358E9E99B3F700 /* XCLocalSwiftPackageReference "Packages/Features/Tasks" */,
				3D1EE9832C8D4F022DF317F5 /* XCLocalSwiftPackageReference "Packages/VikuDesignSystem" */,
				2D23BFA33FDFA54C75780CE1 /* XCLocalSwiftPackageReference "Packages/VikuWidgetKit" */,
			);
			preferredProjectObjectVersion = 77;
			productRefGroup = EC3BB467303D1EF6002753FC /* Products */;
			projectDirPath = "";
			projectRoot = "";
			targets = (
				EC3BB465303D1EF6002753FC /* Viku */,
				9F1A298945A4417C5C239F1C /* Viku-widgets */,
			);
		};
/* End PBXProject section */

/* Begin PBXResourcesBuildPhase section */
		C530C141EA161AEA0DE7EB9B /* Resources */ = {
			isa = PBXResourcesBuildPhase;
			buildActionMask = 2147483647;
			files = (
			);
			runOnlyForDeploymentPostprocessing = 0;
		};
		EC3BB464303D1EF6002753FC /* Resources */ = {
			isa = PBXResourcesBuildPhase;
			buildActionMask = 2147483647;
			files = (
			);
			runOnlyForDeploymentPostprocessing = 0;
		};
/* End PBXResourcesBuildPhase section */

/* Begin PBXSourcesBuildPhase section */
		0A7EEA59A88DF82285A6F08C /* Sources */ = {
			isa = PBXSourcesBuildPhase;
			buildActionMask = 2147483647;
			files = (
			);
			runOnlyForDeploymentPostprocessing = 0;
		};
		EC3BB462303D1EF6002753FC /* Sources */ = {
			isa = PBXSourcesBuildPhase;
			buildActionMask = 2147483647;
			files = (
			);
			runOnlyForDeploymentPostprocessing = 0;
		};
/* End PBXSourcesBuildPhase section */

/* Begin PBXTargetDependency section */
		B0828B72E3A08C6DCE1B59B3 /* PBXTargetDependency */ = {
			isa = PBXTargetDependency;
			name = "Viku-widgets";
			target = 9F1A298945A4417C5C239F1C /* Viku-widgets */;
			targetProxy = ADD55E76D68AF850B4557276 /* PBXContainerItemProxy */;
		};
/* End PBXTargetDependency section */

/* Begin XCBuildConfiguration section */
		08A2B29D93B7E700DA94CA50 /* Debug */ = {
			isa = XCBuildConfiguration;
			buildSettings = {
				CLANG_ENABLE_OBJC_WEAK = NO;
				CODE_SIGN_ENTITLEMENTS = "Viku-widgets/Viku-widgets.entitlements";
				CODE_SIGN_STYLE = Automatic;
				CURRENT_PROJECT_VERSION = 1;
				DEVELOPMENT_TEAM = 5CM24MBKSG;
				ENABLE_PREVIEWS = YES;
				GENERATE_INFOPLIST_FILE = YES;
				INFOPLIST_FILE = "Viku-widgets/Info.plist";
				INFOPLIST_KEY_CFBundleDisplayName = Viku;
				INFOPLIST_KEY_NSHumanReadableCopyright = "";
				IPHONEOS_DEPLOYMENT_TARGET = 26.2;
				LD_RUNPATH_SEARCH_PATHS = (
					"$(inherited)",
					"@executable_path/Frameworks",
					"@executable_path/../../Frameworks",
				);
				MARKETING_VERSION = 1.0;
				PRODUCT_BUNDLE_IDENTIFIER = dev.sergiosuarez.viku.dev.widgets;
				PRODUCT_NAME = "$(TARGET_NAME)";
				SDKROOT = iphoneos;
				SKIP_INSTALL = YES;
				SWIFT_ACTIVE_COMPILATION_CONDITIONS = "DEBUG $(inherited)";
				SWIFT_APPROACHABLE_CONCURRENCY = YES;
				SWIFT_DEFAULT_ACTOR_ISOLATION = MainActor;
				SWIFT_EMIT_LOC_STRINGS = YES;
				SWIFT_OPTIMIZATION_LEVEL = "-Onone";
				SWIFT_UPCOMING_FEATURE_MEMBER_IMPORT_VISIBILITY = YES;
				SWIFT_VERSION = 5.0;
				TARGETED_DEVICE_FAMILY = "1,2";
			};
			name = Debug;
		};
		243F271EDA1347E4E230F01A /* Release */ = {
			isa = XCBuildConfiguration;
			buildSettings = {
				CLANG_ENABLE_OBJC_WEAK = NO;
				CODE_SIGN_ENTITLEMENTS = "Viku-widgets/Viku-widgets.entitlements";
				CODE_SIGN_STYLE = Automatic;
				CURRENT_PROJECT_VERSION = 1;
				DEVELOPMENT_TEAM = 5CM24MBKSG;
				ENABLE_PREVIEWS = YES;
				GENERATE_INFOPLIST_FILE = YES;
				INFOPLIST_FILE = "Viku-widgets/Info.plist";
				INFOPLIST_KEY_CFBundleDisplayName = Viku;
				INFOPLIST_KEY_NSHumanReadableCopyright = "";
				IPHONEOS_DEPLOYMENT_TARGET = 26.2;
				LD_RUNPATH_SEARCH_PATHS = (
					"$(inherited)",
					"@executable_path/Frameworks",
					"@executable_path/../../Frameworks",
				);
				MARKETING_VERSION = 1.0;
				PRODUCT_BUNDLE_IDENTIFIER = dev.sergiosuarez.viku.widgets;
				PRODUCT_NAME = "$(TARGET_NAME)";
				SDKROOT = iphoneos;
				SKIP_INSTALL = YES;
				SWIFT_APPROACHABLE_CONCURRENCY = YES;
				SWIFT_COMPILATION_MODE = wholemodule;
				SWIFT_DEFAULT_ACTOR_ISOLATION = MainActor;
				SWIFT_EMIT_LOC_STRINGS = YES;
				SWIFT_UPCOMING_FEATURE_MEMBER_IMPORT_VISIBILITY = YES;
				SWIFT_VERSION = 5.0;
				TARGETED_DEVICE_FAMILY = "1,2";
				VALIDATE_PRODUCT = YES;
			};
			name = Release;
		};
		EC3BB46F303D1EF7002753FC /* Debug */ = {
			isa = XCBuildConfiguration;
			buildSettings = {
				ALWAYS_SEARCH_USER_PATHS = NO;
				ASSETCATALOG_COMPILER_GENERATE_SWIFT_ASSET_SYMBOL_EXTENSIONS = YES;
				CLANG_ANALYZER_NONNULL = YES;
				CLANG_ANALYZER_NUMBER_OBJECT_CONVERSION = YES_AGGRESSIVE;
				CLANG_CXX_LANGUAGE_STANDARD = "gnu++20";
				CLANG_ENABLE_MODULES = YES;
				CLANG_ENABLE_OBJC_ARC = YES;
				CLANG_ENABLE_OBJC_WEAK = YES;
				CLANG_WARN_BLOCK_CAPTURE_AUTORELEASING = YES;
				CLANG_WARN_BOOL_CONVERSION = YES;
				CLANG_WARN_COMMA = YES;
				CLANG_WARN_CONSTANT_CONVERSION = YES;
				CLANG_WARN_DEPRECATED_OBJC_IMPLEMENTATIONS = YES;
				CLANG_WARN_DIRECT_OBJC_ISA_USAGE = YES_ERROR;
				CLANG_WARN_DOCUMENTATION_COMMENTS = YES;
				CLANG_WARN_EMPTY_BODY = YES;
				CLANG_WARN_ENUM_CONVERSION = YES;
				CLANG_WARN_INFINITE_RECURSION = YES;
				CLANG_WARN_INT_CONVERSION = YES;
				CLANG_WARN_NON_LITERAL_NULL_CONVERSION = YES;
				CLANG_WARN_OBJC_IMPLICIT_RETAIN_SELF = YES;
				CLANG_WARN_OBJC_LITERAL_CONVERSION = YES;
				CLANG_WARN_OBJC_ROOT_CLASS = YES_ERROR;
				CLANG_WARN_QUOTED_INCLUDE_IN_FRAMEWORK_HEADER = YES;
				CLANG_WARN_RANGE_LOOP_ANALYSIS = YES;
				CLANG_WARN_STRICT_PROTOTYPES = YES;
				CLANG_WARN_SUSPICIOUS_MOVE = YES;
				CLANG_WARN_UNGUARDED_AVAILABILITY = YES_AGGRESSIVE;
				CLANG_WARN_UNREACHABLE_CODE = YES;
				CLANG_WARN__DUPLICATE_METHOD_MATCH = YES;
				COPY_PHASE_STRIP = NO;
				DEBUG_INFORMATION_FORMAT = dwarf;
				DEVELOPMENT_TEAM = 5CM24MBKSG;
				ENABLE_STRICT_OBJC_MSGSEND = YES;
				ENABLE_TESTABILITY = YES;
				ENABLE_USER_SCRIPT_SANDBOXING = YES;
				GCC_C_LANGUAGE_STANDARD = gnu17;
				GCC_DYNAMIC_NO_PIC = NO;
				GCC_NO_COMMON_BLOCKS = YES;
				GCC_OPTIMIZATION_LEVEL = 0;
				GCC_PREPROCESSOR_DEFINITIONS = (
					"DEBUG=1",
					"$(inherited)",
				);
				GCC_WARN_64_TO_32_BIT_CONVERSION = YES;
				GCC_WARN_ABOUT_RETURN_TYPE = YES_ERROR;
				GCC_WARN_UNDECLARED_SELECTOR = YES;
				GCC_WARN_UNINITIALIZED_AUTOS = YES_AGGRESSIVE;
				GCC_WARN_UNUSED_FUNCTION = YES;
				GCC_WARN_UNUSED_VARIABLE = YES;
				IPHONEOS_DEPLOYMENT_TARGET = 26.2;
				LOCALIZATION_PREFERS_STRING_CATALOGS = YES;
				MTL_ENABLE_DEBUG_INFO = INCLUDE_SOURCE;
				MTL_FAST_MATH = YES;
				ONLY_ACTIVE_ARCH = YES;
				SDKROOT = iphoneos;
				SWIFT_ACTIVE_COMPILATION_CONDITIONS = "DEBUG $(inherited)";
				SWIFT_OPTIMIZATION_LEVEL = "-Onone";
				VIKU_ID_PREFIX = dev.sergiosuarez.viku.dev;
				VIKU_URL_SCHEME = "viku-dev";
			};
			name = Debug;
		};
		EC3BB470303D1EF7002753FC /* Release */ = {
			isa = XCBuildConfiguration;
			buildSettings = {
				ALWAYS_SEARCH_USER_PATHS = NO;
				ASSETCATALOG_COMPILER_GENERATE_SWIFT_ASSET_SYMBOL_EXTENSIONS = YES;
				CLANG_ANALYZER_NONNULL = YES;
				CLANG_ANALYZER_NUMBER_OBJECT_CONVERSION = YES_AGGRESSIVE;
				CLANG_CXX_LANGUAGE_STANDARD = "gnu++20";
				CLANG_ENABLE_MODULES = YES;
				CLANG_ENABLE_OBJC_ARC = YES;
				CLANG_ENABLE_OBJC_WEAK = YES;
				CLANG_WARN_BLOCK_CAPTURE_AUTORELEASING = YES;
				CLANG_WARN_BOOL_CONVERSION = YES;
				CLANG_WARN_COMMA = YES;
				CLANG_WARN_CONSTANT_CONVERSION = YES;
				CLANG_WARN_DEPRECATED_OBJC_IMPLEMENTATIONS = YES;
				CLANG_WARN_DIRECT_OBJC_ISA_USAGE = YES_ERROR;
				CLANG_WARN_DOCUMENTATION_COMMENTS = YES;
				CLANG_WARN_EMPTY_BODY = YES;
				CLANG_WARN_ENUM_CONVERSION = YES;
				CLANG_WARN_INFINITE_RECURSION = YES;
				CLANG_WARN_INT_CONVERSION = YES;
				CLANG_WARN_NON_LITERAL_NULL_CONVERSION = YES;
				CLANG_WARN_OBJC_IMPLICIT_RETAIN_SELF = YES;
				CLANG_WARN_OBJC_LITERAL_CONVERSION = YES;
				CLANG_WARN_OBJC_ROOT_CLASS = YES_ERROR;
				CLANG_WARN_QUOTED_INCLUDE_IN_FRAMEWORK_HEADER = YES;
				CLANG_WARN_RANGE_LOOP_ANALYSIS = YES;
				CLANG_WARN_STRICT_PROTOTYPES = YES;
				CLANG_WARN_SUSPICIOUS_MOVE = YES;
				CLANG_WARN_UNGUARDED_AVAILABILITY = YES_AGGRESSIVE;
				CLANG_WARN_UNREACHABLE_CODE = YES;
				CLANG_WARN__DUPLICATE_METHOD_MATCH = YES;
				COPY_PHASE_STRIP = NO;
				DEBUG_INFORMATION_FORMAT = "dwarf-with-dsym";
				DEVELOPMENT_TEAM = 5CM24MBKSG;
				ENABLE_NS_ASSERTIONS = NO;
				ENABLE_STRICT_OBJC_MSGSEND = YES;
				ENABLE_USER_SCRIPT_SANDBOXING = YES;
				GCC_C_LANGUAGE_STANDARD = gnu17;
				GCC_NO_COMMON_BLOCKS = YES;
				GCC_WARN_64_TO_32_BIT_CONVERSION = YES;
				GCC_WARN_ABOUT_RETURN_TYPE = YES_ERROR;
				GCC_WARN_UNDECLARED_SELECTOR = YES;
				GCC_WARN_UNINITIALIZED_AUTOS = YES_AGGRESSIVE;
				GCC_WARN_UNUSED_FUNCTION = YES;
				GCC_WARN_UNUSED_VARIABLE = YES;
				IPHONEOS_DEPLOYMENT_TARGET = 26.2;
				LOCALIZATION_PREFERS_STRING_CATALOGS = YES;
				MTL_ENABLE_DEBUG_INFO = NO;
				MTL_FAST_MATH = YES;
				SDKROOT = iphoneos;
				SWIFT_COMPILATION_MODE = wholemodule;
				VALIDATE_PRODUCT = YES;
				VIKU_ID_PREFIX = dev.sergiosuarez.viku;
				VIKU_URL_SCHEME = viku;
			};
			name = Release;
		};
		EC3BB472303D1EF7002753FC /* Debug */ = {
			isa = XCBuildConfiguration;
			buildSettings = {
				ASSETCATALOG_COMPILER_APPICON_NAME = "AppIcon-Dev";
				ASSETCATALOG_COMPILER_GLOBAL_ACCENT_COLOR_NAME = AccentColor;
				CODE_SIGN_ENTITLEMENTS = Viku/Viku.entitlements;
				CODE_SIGN_STYLE = Automatic;
				CURRENT_PROJECT_VERSION = 1;
				DEVELOPMENT_TEAM = 5CM24MBKSG;
				ENABLE_PREVIEWS = YES;
				GENERATE_INFOPLIST_FILE = YES;
				INFOPLIST_FILE = Viku/Info.plist;
				INFOPLIST_KEY_CFBundleDisplayName = Viku;
				INFOPLIST_KEY_UIApplicationSceneManifest_Generation = YES;
				INFOPLIST_KEY_UIApplicationSupportsIndirectInputEvents = YES;
				INFOPLIST_KEY_UILaunchScreen_Generation = YES;
				INFOPLIST_KEY_UISupportedInterfaceOrientations_iPad = "UIInterfaceOrientationPortrait UIInterfaceOrientationPortraitUpsideDown UIInterfaceOrientationLandscapeLeft UIInterfaceOrientationLandscapeRight";
				INFOPLIST_KEY_UISupportedInterfaceOrientations_iPhone = "UIInterfaceOrientationPortrait UIInterfaceOrientationLandscapeLeft UIInterfaceOrientationLandscapeRight";
				LD_RUNPATH_SEARCH_PATHS = (
					"$(inherited)",
					"@executable_path/Frameworks",
				);
				MARKETING_VERSION = 1.0;
				PRODUCT_BUNDLE_IDENTIFIER = dev.sergiosuarez.viku.dev;
				PRODUCT_NAME = "$(TARGET_NAME)";
				STRING_CATALOG_GENERATE_SYMBOLS = YES;
				SWIFT_APPROACHABLE_CONCURRENCY = YES;
				SWIFT_DEFAULT_ACTOR_ISOLATION = MainActor;
				SWIFT_EMIT_LOC_STRINGS = YES;
				SWIFT_UPCOMING_FEATURE_MEMBER_IMPORT_VISIBILITY = YES;
				SWIFT_VERSION = 5.0;
				TARGETED_DEVICE_FAMILY = "1,2";
			};
			name = Debug;
		};
		EC3BB473303D1EF7002753FC /* Release */ = {
			isa = XCBuildConfiguration;
			buildSettings = {
				ASSETCATALOG_COMPILER_APPICON_NAME = AppIcon;
				ASSETCATALOG_COMPILER_GLOBAL_ACCENT_COLOR_NAME = AccentColor;
				CODE_SIGN_ENTITLEMENTS = Viku/Viku.entitlements;
				CODE_SIGN_STYLE = Automatic;
				CURRENT_PROJECT_VERSION = 1;
				DEVELOPMENT_TEAM = 5CM24MBKSG;
				ENABLE_PREVIEWS = YES;
				GENERATE_INFOPLIST_FILE = YES;
				INFOPLIST_FILE = Viku/Info.plist;
				INFOPLIST_KEY_CFBundleDisplayName = Viku;
				INFOPLIST_KEY_UIApplicationSceneManifest_Generation = YES;
				INFOPLIST_KEY_UIApplicationSupportsIndirectInputEvents = YES;
				INFOPLIST_KEY_UILaunchScreen_Generation = YES;
				INFOPLIST_KEY_UISupportedInterfaceOrientations_iPad = "UIInterfaceOrientationPortrait UIInterfaceOrientationPortraitUpsideDown UIInterfaceOrientationLandscapeLeft UIInterfaceOrientationLandscapeRight";
				INFOPLIST_KEY_UISupportedInterfaceOrientations_iPhone = "UIInterfaceOrientationPortrait UIInterfaceOrientationLandscapeLeft UIInterfaceOrientationLandscapeRight";
				LD_RUNPATH_SEARCH_PATHS = (
					"$(inherited)",
					"@executable_path/Frameworks",
				);
				MARKETING_VERSION = 1.0;
				PRODUCT_BUNDLE_IDENTIFIER = dev.sergiosuarez.viku;
				PRODUCT_NAME = "$(TARGET_NAME)";
				STRING_CATALOG_GENERATE_SYMBOLS = YES;
				SWIFT_APPROACHABLE_CONCURRENCY = YES;
				SWIFT_DEFAULT_ACTOR_ISOLATION = MainActor;
				SWIFT_EMIT_LOC_STRINGS = YES;
				SWIFT_UPCOMING_FEATURE_MEMBER_IMPORT_VISIBILITY = YES;
				SWIFT_VERSION = 5.0;
				TARGETED_DEVICE_FAMILY = "1,2";
			};
			name = Release;
		};
/* End XCBuildConfiguration section */

/* Begin XCConfigurationList section */
		95411CB902BFD3888D862C9F /* Build configuration list for PBXNativeTarget "Viku-widgets" */ = {
			isa = XCConfigurationList;
			buildConfigurations = (
				243F271EDA1347E4E230F01A /* Release */,
				08A2B29D93B7E700DA94CA50 /* Debug */,
			);
			defaultConfigurationIsVisible = 0;
			defaultConfigurationName = Release;
		};
		EC3BB461303D1EF6002753FC /* Build configuration list for PBXProject "Viku" */ = {
			isa = XCConfigurationList;
			buildConfigurations = (
				EC3BB46F303D1EF7002753FC /* Debug */,
				EC3BB470303D1EF7002753FC /* Release */,
			);
			defaultConfigurationIsVisible = 0;
			defaultConfigurationName = Release;
		};
		EC3BB471303D1EF7002753FC /* Build configuration list for PBXNativeTarget "Viku" */ = {
			isa = XCConfigurationList;
			buildConfigurations = (
				EC3BB472303D1EF7002753FC /* Debug */,
				EC3BB473303D1EF7002753FC /* Release */,
			);
			defaultConfigurationIsVisible = 0;
			defaultConfigurationName = Release;
		};
/* End XCConfigurationList section */

/* Begin XCLocalSwiftPackageReference section */
		06F83FC1F5114AB2B901D1D6 /* XCLocalSwiftPackageReference "Packages/VikuAuth" */ = {
			isa = XCLocalSwiftPackageReference;
			relativePath = Packages/VikuAuth;
		};
		2D23BFA33FDFA54C75780CE1 /* XCLocalSwiftPackageReference "Packages/VikuWidgetKit" */ = {
			isa = XCLocalSwiftPackageReference;
			relativePath = Packages/VikuWidgetKit;
		};
		3A9FB82DE1CB8FCF7F92D8D5 /* XCLocalSwiftPackageReference "Packages/VikunjaNetworking" */ = {
			isa = XCLocalSwiftPackageReference;
			relativePath = Packages/VikunjaNetworking;
		};
		3D1EE9832C8D4F022DF317F5 /* XCLocalSwiftPackageReference "Packages/VikuDesignSystem" */ = {
			isa = XCLocalSwiftPackageReference;
			relativePath = Packages/VikuDesignSystem;
		};
		3F7D0D7A2D8E0EC22EE402E6 /* XCLocalSwiftPackageReference "Packages/VikunjaCore" */ = {
			isa = XCLocalSwiftPackageReference;
			relativePath = Packages/VikunjaCore;
		};
		52D3B6C5FA358E9E99B3F700 /* XCLocalSwiftPackageReference "Packages/Features/Tasks" */ = {
			isa = XCLocalSwiftPackageReference;
			relativePath = Packages/Features/Tasks;
		};
		630BB56C29B87B52911E4F21 /* XCLocalSwiftPackageReference "Packages/Features/Search" */ = {
			isa = XCLocalSwiftPackageReference;
			relativePath = Packages/Features/Search;
		};
		CF9745CA233B841AB93A4A82 /* XCLocalSwiftPackageReference "Packages/Features/Settings" */ = {
			isa = XCLocalSwiftPackageReference;
			relativePath = Packages/Features/Settings;
		};
		D146E576D31867FAEE64F3E3 /* XCLocalSwiftPackageReference "Packages/VikuNavigation" */ = {
			isa = XCLocalSwiftPackageReference;
			relativePath = Packages/VikuNavigation;
		};
		F4ED8517F32D4805BA91B284 /* XCLocalSwiftPackageReference "Packages/Features/Onboarding" */ = {
			isa = XCLocalSwiftPackageReference;
			relativePath = Packages/Features/Onboarding;
		};
		FB9B84FD97A6B958D6347015 /* XCLocalSwiftPackageReference "Packages/Features/Projects" */ = {
			isa = XCLocalSwiftPackageReference;
			relativePath = Packages/Features/Projects;
		};
		FE450F8737274DC4914D99E8 /* XCLocalSwiftPackageReference "Packages/Features/Home" */ = {
			isa = XCLocalSwiftPackageReference;
			relativePath = Packages/Features/Home;
		};
/* End XCLocalSwiftPackageReference section */

/* Begin XCSwiftPackageProductDependency section */
		166A7A7237924DFA8CF44351 /* Home */ = {
			isa = XCSwiftPackageProductDependency;
			package = FE450F8737274DC4914D99E8 /* XCLocalSwiftPackageReference "Packages/Features/Home" */;
			productName = Home;
		};
		1EDAB22A2783416BA9F0AC6D /* VikuAuth */ = {
			isa = XCSwiftPackageProductDependency;
			package = 06F83FC1F5114AB2B901D1D6 /* XCLocalSwiftPackageReference "Packages/VikuAuth" */;
			productName = VikuAuth;
		};
		691135973B8B496295E14896 /* Onboarding */ = {
			isa = XCSwiftPackageProductDependency;
			package = F4ED8517F32D4805BA91B284 /* XCLocalSwiftPackageReference "Packages/Features/Onboarding" */;
			productName = Onboarding;
		};
		887DB5E3A518911BD1897E4B /* VikuDesignSystem */ = {
			isa = XCSwiftPackageProductDependency;
			package = 3D1EE9832C8D4F022DF317F5 /* XCLocalSwiftPackageReference "Packages/VikuDesignSystem" */;
			productName = VikuDesignSystem;
		};
		8A10F10FDD4DC2CAF301F579 /* VikuWidgetKit */ = {
			isa = XCSwiftPackageProductDependency;
			package = 2D23BFA33FDFA54C75780CE1 /* XCLocalSwiftPackageReference "Packages/VikuWidgetKit" */;
			productName = VikuWidgetKit;
		};
		937703EA6DF786A17BC41E96 /* Projects */ = {
			isa = XCSwiftPackageProductDependency;
			package = FB9B84FD97A6B958D6347015 /* XCLocalSwiftPackageReference "Packages/Features/Projects" */;
			productName = Projects;
		};
		A6110B94A9B469B91738DBE3 /* Settings */ = {
			isa = XCSwiftPackageProductDependency;
			package = CF9745CA233B841AB93A4A82 /* XCLocalSwiftPackageReference "Packages/Features/Settings" */;
			productName = Settings;
		};
		C7C86918EA5BF47E31F95689 /* VikunjaCore */ = {
			isa = XCSwiftPackageProductDependency;
			package = 3F7D0D7A2D8E0EC22EE402E6 /* XCLocalSwiftPackageReference "Packages/VikunjaCore" */;
			productName = VikunjaCore;
		};
		CB1292EB9627A6D204BBA18B /* Tasks */ = {
			isa = XCSwiftPackageProductDependency;
			package = 52D3B6C5FA358E9E99B3F700 /* XCLocalSwiftPackageReference "Packages/Features/Tasks" */;
			productName = Tasks;
		};
		DE514324E51E7BE04FBC43F0 /* VikuNavigation */ = {
			isa = XCSwiftPackageProductDependency;
			package = D146E576D31867FAEE64F3E3 /* XCLocalSwiftPackageReference "Packages/VikuNavigation" */;
			productName = VikuNavigation;
		};
		DF94C158DB50FABAA1B462AE /* Search */ = {
			isa = XCSwiftPackageProductDependency;
			package = 630BB56C29B87B52911E4F21 /* XCLocalSwiftPackageReference "Packages/Features/Search" */;
			productName = Search;
		};
		E2386D937B2547F27D7735C9 /* VikunjaNetworking */ = {
			isa = XCSwiftPackageProductDependency;
			package = 3A9FB82DE1CB8FCF7F92D8D5 /* XCLocalSwiftPackageReference "Packages/VikunjaNetworking" */;
			productName = VikunjaNetworking;
		};
		E436BCA8C1BEFFBB4869643D /* VikuWidgetKit */ = {
			isa = XCSwiftPackageProductDependency;
			package = 2D23BFA33FDFA54C75780CE1 /* XCLocalSwiftPackageReference "Packages/VikuWidgetKit" */;
			productName = VikuWidgetKit;
		};
/* End XCSwiftPackageProductDependency section */
	};
	rootObject = EC3BB45E303D1EF6002753FC /* Project object */;
}
